
Microsoft Visual Studio Solution File, Format Version 12.00
# Visual Studio Version 17
VisualStudioVersion = 17.0.31903.59
MinimumVisualStudioVersion = 10.0.40219.1
Project("{9A19103F-16F7-4668-BE54-9A1E7A4F7556}") = "GraphQL", "GraphQL\GraphQL.csproj", "{9CF30B0B-7F0E-45B6-92A6-CF51C3E4117F}"
EndProject
Project("{2150E333-8FDC-42A3-9474-1A3956D46DE8}") = "Solution Items", "Solution Items", "{45FFEBE0-75BD-4D2F-9300-D3180EE5E414}"
	ProjectSection(SolutionItems) = preProject
		.editorconfig = .editorconfig
	EndProjectSection
EndProject
Project("{FAE04EC0-301F-11D3-BF4B-00C04F79EFBC}") = "GraphQL.Tests", "GraphQL.Tests\GraphQL.Tests.csproj", "{54C52F47-9E6B-41C7-8D5C-CD061E959B26}"
EndProject
Global
	GlobalSection(SolutionConfigurationPlatforms) = preSolution
		Debug|Any CPU = Debug|Any CPU
		Release|Any CPU = Release|Any CPU
	EndGlobalSection
	GlobalSection(ProjectConfigurationPlatforms) = postSolution
		{9CF30B0B-7F0E-45B6-92A6-CF51C3E4117F}.Debug|Any CPU.ActiveCfg = Debug|Any CPU
		{9CF30B0B-7F0E-45B6-92A6-CF51C3E4117F}.Debug|Any CPU.Build.0 = Debug|Any CPU
		{9CF30B0B-7F0E-45B6-92A6-CF51C3E4117F}.Release|Any CPU.ActiveCfg = Release|Any CPU
		{9CF30B0B-7F0E-45B6-92A6-CF51C3E4117F}.Release|Any CPU.Build.0 = Release|Any CPU
		{54C52F47-9E6B-41C7-8D5C-CD061E959B26}.Debug|Any CPU.ActiveCfg = Debug|Any CPU
		{54C52F47-9E6B-41C7-8D5C-CD061E959B26}.Debug|Any CPU.Build.0 = Debug|Any CPU
		{54C52F47-9E6B-41C7-8D5C-CD061E959B26}.Release|Any CPU.ActiveCfg = Release|Any CPU
		{54C52F47-9E6B-41C7-8D5C-CD061E959B26}.Release|Any CPU.Build.0 = Release|Any CPU
	EndGlobalSection
	GlobalSection(SolutionProperties) = preSolution
		HideSolutionNode = FALSE
	EndGlobalSection
	GlobalSection(ExtensibilityGlobals) = postSolution
		SolutionGuid = {96B6C686-7126-4054-BAD3-C80AE0F80519}
	EndGlobalSection
EndGlobal
